
Microsoft Visual Studio Solution File, Format Version 12.00
# Visual Studio 15
VisualStudioVersion = 15.0.28307.572
MinimumVisualStudioVersion = 10.0.40219.1
Project("{FAE04EC0-301F-11D3-BF4B-00C04F79EFBC}") = "DataAccessLayer", "DataAccessLayer\DataAccessLayer.csproj", "{7D804962-00E8-477D-9ABC-B44C93301B63}"
EndProject
Project("{FAE04EC0-301F-11D3-BF4B-00C04F79EFBC}") = "PresentationLayer", "PresentationLayer\PresentationLayer.csproj", "{A1AA9FA0-773C-4946-BB4E-AF30E5139C56}"
EndProject
Global
	GlobalSection(SolutionConfigurationPlatforms) = preSolution
		Debug|Any CPU = Debug|Any CPU
		Release|Any CPU = Release|Any CPU
	EndGlobalSection
	GlobalSection(ProjectConfigurationPlatforms) = postSolution
		{7D804962-00E8-477D-9ABC-B44C93301B63}.Debug|Any CPU.ActiveCfg = Debug|Any CPU
		{7D804962-00E8-477D-9ABC-B44C93301B63}.Debug|Any CPU.Build.0 = Debug|Any CPU
		{7D804962-00E8-477D-9ABC-B44C93301B63}.Release|Any CPU.ActiveCfg = Release|Any CPU
		{7D804962-00E8-477D-9ABC-B44C93301B63}.Release|Any CPU.Build.0 = Release|Any CPU
		{A1AA9FA0-773C-4946-BB4E-AF30E5139C56}.Debug|Any CPU.ActiveCfg = Debug|Any CPU
		{A1AA9FA0-773C-4946-BB4E-AF30E5139C56}.Debug|Any CPU.Build.0 = Debug|Any CPU
		{A1AA9FA0-773C-4946-BB4E-AF30E5139C56}.Release|Any CPU.ActiveCfg = Release|Any CPU
		{A1AA9FA0-773C-4946-BB4E-AF30E5139C56}.Release|Any CPU.Build.0 = Release|Any CPU
	EndGlobalSection
	GlobalSection(SolutionProperties) = preSolution
		HideSolutionNode = FALSE
	EndGlobalSection
	GlobalSection(ExtensibilityGlobals) = postSolution
		SolutionGuid = {34D7A5ED-56B8-4AF7-9538-598255395A1B}
	EndGlobalSection
EndGlobal
